PODS:
  - AFNetworking (3.1.0):
    - AFNetworking/NSURLSession (= 3.1.0)
    - AFNetworking/Reachability (= 3.1.0)
    - AFNetworking/Security (= 3.1.0)
    - AFNetworking/Serialization (= 3.1.0)
    - AFNetworking/UIKit (= 3.1.0)
  - AFNetworking/NSURLSession (3.1.0):
    - AFNetworking/Reachability
    - AFNetworking/Security
    - AFNetworking/Serialization
  - AFNetworking/Reachability (3.1.0)
  - AFNetworking/Security (3.1.0)
  - AFNetworking/Serialization (3.1.0)
  - AFNetworking/UIKit (3.1.0):
    - AFNetworking/NSURLSession
  - CocoaLumberjack (3.1.0):
    - CocoaLumberjack/Default (= 3.1.0)
    - CocoaLumberjack/Extensions (= 3.1.0)
  - CocoaLumberjack/Default (3.1.0)
  - CocoaLumberjack/Extensions (3.1.0):
    - CocoaLumberjack/Default
  - DZNEmptyDataSet (1.8.1)
  - FMDB (2.7.2):
    - FMDB/standard (= 2.7.2)
  - FMDB/standard (2.7.2)
  - JCore (1.1.1)
  - JPush (3.0.2):
    - JCore (~> 1.1.1)
  - Masonry (1.0.2)
  - MBProgressHUD (1.0.0)
  - MJExtension (3.0.13)
  - MJRefresh (3.1.12)
  - NJKWebViewProgress (0.2.3):
    - NJKWebViewProgress/Core (= 0.2.3)
    - NJKWebViewProgress/ProgressView (= 0.2.3)
  - NJKWebViewProgress/Core (0.2.3)
  - NJKWebViewProgress/ProgressView (0.2.3)
  - pop (1.0.9)
  - SBLib (0.7.5):
    - AFNetworking
    - FMDB
    - MBProgressHUD
    - MJRefresh
    - SBLib/no-arc (= 0.7.5)
  - SBLib/no-arc (0.7.5):
    - AFNetworking
    - FMDB
    - MBProgressHUD
    - MJRefresh
  - SDCycleScrollView (1.65):
    - SDWebImage (~> 3.7)
  - SDiPhoneVersion (1.1.2)
  - SDWebImage (3.8.2):
    - SDWebImage/Core (= 3.8.2)
  - SDWebImage/Core (3.8.2)
  - UICKeyChainStore (2.1.0)
  - UIViewController+Swizzled (1.4)
  - UIViewController-KeyboardAdditions (1.2)
  - UMengAnalytics-NO-IDFA (4.2.5)
  - UMengSocialCOM (5.2.1)
  - XTSafeCollection (1.0.5)
  - YTKNetwork (2.0.3):
    - AFNetworking (~> 3.0)

DEPENDENCIES:
  - CocoaLumberjack
  - DZNEmptyDataSet
  - JPush
  - Masonry
  - MJExtension
  - MJRefresh
  - NJKWebViewProgress (~> 0.2.3)
  - pop
  - SBLib (from `https://github.com/doll313/SBLib`, tag `0.7.5`)
  - SDCycleScrollView
  - SDiPhoneVersion
  - SDWebImage
  - UICKeyChainStore
  - UIViewController+Swizzled
  - UIViewController-KeyboardAdditions
  - UMengAnalytics-NO-IDFA
  - UMengSocialCOM (~> 5.2.1)
  - XTSafeCollection
  - YTKNetwork

EXTERNAL SOURCES:
  SBLib:
    :git: https://github.com/doll313/SBLib
    :tag: 0.7.5

CHECKOUT OPTIONS:
  SBLib:
    :git: https://github.com/doll313/SBLib
    :tag: 0.7.5

SPEC CHECKSUMS:
  AFNetworking: 5e0e199f73d8626b11e79750991f5d173d1f8b67
  CocoaLumberjack: 8311463ddf9ee86a06ef92a071dd656c89244500
  DZNEmptyDataSet: 9525833b9e68ac21c30253e1d3d7076cc828eaa7
  FMDB: 6198a90e7b6900cfc046e6bc0ef6ebb7be9236aa
  JCore: 2210a789c8efb7dc2a46b1c24d2209b995b18ad2
  JPush: 01a693fafe51b93eafc2e368bbc7a7cc07e12ce4
  Masonry: 7c429b56da9d4ee0bbb3ed77a5ea710d6a5df39e
  MBProgressHUD: 4890f671c94e8a0f3cf959aa731e9de2f036d71a
  MJExtension: 5932755f451458eefa24239358817f8d291240c7
  MJRefresh: b96cdb21c4aa75a7b07654311ab2f315c497e806
  NJKWebViewProgress: f481fd424cb5ecc27eacae11b5397db92fba9a4d
  pop: f667631a5108a2e60d9e8797c9b32ddaf2080bce
  SBLib: 5bf9862f75c9dbdeaebc6296a0f9011285545420
  SDCycleScrollView: f72904c77698a7f93a41bcbbc2d78b073bf7326c
  SDiPhoneVersion: c52245ccaab8142701e2e7fb8f0391ba3f255b76
  SDWebImage: 098e97e6176540799c27e804c96653ee0833d13c
  UICKeyChainStore: f1cbd42216a113f0165de1e733e62905b8823432
  UIViewController+Swizzled: 1cd9397598ede6930f94fbcac4b43d63c7aa0dbb
  UIViewController-KeyboardAdditions: 9c9c69a012890f71010dc7ffef18d98e4e0768d2
  UMengAnalytics-NO-IDFA: 16666e32edce5be44ae5b14aaaa7f3582e09d6ab
  UMengSocialCOM: 074c135ce349aa4c8848d3fb8458757bcb6ffb67
  XTSafeCollection: c76a5d96f5c68457055ca4b35df7fbe97532d235
  YTKNetwork: c4b0c29c9d639dc050d475de69ee626d53eac598

PODFILE CHECKSUM: 8d8eb8c6a5083f919e01472964dcbe2341605c3c

COCOAPODS: 1.3.0.beta.2
