// !$*UTF8*$!
{
	archiveVersion = 1;
	classes = {
	};
	objectVersion = 46;
	objects = {

/* Begin PBXBuildFile section */
		953317201CF5C70D00890E4F /* main.m in Sources */ = {isa = PBXBuildFile; fileRef = 9533171F1CF5C70D00890E4F /* main.m */; };
		953317231CF5C70D00890E4F /* AppDelegate.m in Sources */ = {isa = PBXBuildFile; fileRef = 953317221CF5C70D00890E4F /* AppDelegate.m */; };
		953317261CF5C70D00890E4F /* ViewController.m in Sources */ = {isa = PBXBuildFile; fileRef = 953317251CF5C70D00890E4F /* ViewController.m */; };
		953317291CF5C70D00890E4F /* Main.storyboard in Resources */ = {isa = PBXBuildFile; fileRef = 953317271CF5C70D00890E4F /* Main.storyboard */; };
		9533172B1CF5C70D00890E4F /* Assets.xcassets in Resources */ = {isa = PBXBuildFile; fileRef = 9533172A1CF5C70D00890E4F /* Assets.xcassets */; };
		9533172E1CF5C70D00890E4F /* LaunchScreen.storyboard in Resources */ = {isa = PBXBuildFile; fileRef = 9533172C1CF5C70D00890E4F /* LaunchScreen.storyboard */; };
		954EDD441CFC135E009B1038 /* MSLaunchHelper.m in Sources */ = {isa = PBXBuildFile; fileRef = 954EDD431CFC135E009B1038 /* MSLaunchHelper.m */; };
		954EDD481CFC1F46009B1038 /* MSViewController.m in Sources */ = {isa = PBXBuildFile; fileRef = 954EDD471CFC1F46009B1038 /* MSViewController.m */; };
		954EDD4B1CFC1FE5009B1038 /* MSNavigationController.m in Sources */ = {isa = PBXBuildFile; fileRef = 954EDD4A1CFC1FE5009B1038 /* MSNavigationController.m */; };
		954EDD4F1CFC20E5009B1038 /* UIColor+MS.m in Sources */ = {isa = PBXBuildFile; fileRef = 954EDD4E1CFC20E5009B1038 /* UIColor+MS.m */; };
		954EDD561CFC23D2009B1038 /* MSUserInfo.m in Sources */ = {isa = PBXBuildFile; fileRef = 954EDD551CFC23D2009B1038 /* MSUserInfo.m */; };
		954EDD5F1CFC28B2009B1038 /* MSLoginViewController.m in Sources */ = {isa = PBXBuildFile; fileRef = 954EDD5E1CFC28B2009B1038 /* MSLoginViewController.m */; };
		954EDD621CFC2DAC009B1038 /* UIViewController+Tracking.m in Sources */ = {isa = PBXBuildFile; fileRef = 954EDD611CFC2DAC009B1038 /* UIViewController+Tracking.m */; };
		954EDD671CFC34D7009B1038 /* MSLogHelper.m in Sources */ = {isa = PBXBuildFile; fileRef = 954EDD661CFC34D7009B1038 /* MSLogHelper.m */; };
		954EDD6B1CFC3A48009B1038 /* TestViewController.m in Sources */ = {isa = PBXBuildFile; fileRef = 954EDD6A1CFC3A48009B1038 /* TestViewController.m */; };
		95BD71B81CFE85D60001ED50 /* MSHelper.m in Sources */ = {isa = PBXBuildFile; fileRef = 95BD71B71CFE85D60001ED50 /* MSHelper.m */; };
		95BD71BE1CFE87710001ED50 /* MSGuideView.m in Sources */ = {isa = PBXBuildFile; fileRef = 95BD71BB1CFE87710001ED50 /* MSGuideView.m */; };
		95BD71BF1CFE87710001ED50 /* MSMyPageControl.m in Sources */ = {isa = PBXBuildFile; fileRef = 95BD71BD1CFE87710001ED50 /* MSMyPageControl.m */; };
		95BD71C21CFE87F80001ED50 /* MSHelper+Navigation.m in Sources */ = {isa = PBXBuildFile; fileRef = 95BD71C11CFE87F80001ED50 /* MSHelper+Navigation.m */; };
		95BD71C51CFE88100001ED50 /* MSHelper+UIBarButtonItem.m in Sources */ = {isa = PBXBuildFile; fileRef = 95BD71C41CFE88100001ED50 /* MSHelper+UIBarButtonItem.m */; };
		95BD71C81CFE89050001ED50 /* MSTabBarController.m in Sources */ = {isa = PBXBuildFile; fileRef = 95BD71C71CFE89050001ED50 /* MSTabBarController.m */; };
		95BD71CB1CFE8A6B0001ED50 /* MSNavigationBar.m in Sources */ = {isa = PBXBuildFile; fileRef = 95BD71CA1CFE8A6B0001ED50 /* MSNavigationBar.m */; };
		95BD71CE1CFE8FC30001ED50 /* MSUtil.m in Sources */ = {isa = PBXBuildFile; fileRef = 95BD71CD1CFE8FC30001ED50 /* MSUtil.m */; };
		95BD71D21CFEAECC0001ED50 /* MSAnalyticsManager.m in Sources */ = {isa = PBXBuildFile; fileRef = 95BD71D11CFEAECC0001ED50 /* MSAnalyticsManager.m */; };
		95BD71D51CFEB12B0001ED50 /* MSHotUpdateManager.m in Sources */ = {isa = PBXBuildFile; fileRef = 95BD71D41CFEB12B0001ED50 /* MSHotUpdateManager.m */; };
		95BD71D81CFEB3B60001ED50 /* MSPushService.m in Sources */ = {isa = PBXBuildFile; fileRef = 95BD71D71CFEB3B60001ED50 /* MSPushService.m */; };
		95BD71DA1CFEB8D70001ED50 /* demo.js in Resources */ = {isa = PBXBuildFile; fileRef = 95BD71D91CFEB8D70001ED50 /* demo.js */; };
		95BD71DD1CFEBA7C0001ED50 /* UIViewController+Popup.m in Sources */ = {isa = PBXBuildFile; fileRef = 95BD71DC1CFEBA7C0001ED50 /* UIViewController+Popup.m */; };
		95BD71F41CFEBAEE0001ED50 /* UIImage+Blur.m in Sources */ = {isa = PBXBuildFile; fileRef = 95BD71E01CFEBAEE0001ED50 /* UIImage+Blur.m */; };
		95BD71F51CFEBAEE0001ED50 /* UIImage+BoxBlur.m in Sources */ = {isa = PBXBuildFile; fileRef = 95BD71E21CFEBAEE0001ED50 /* UIImage+BoxBlur.m */; };
		95BD71F61CFEBAEE0001ED50 /* UIImage+Compress.m in Sources */ = {isa = PBXBuildFile; fileRef = 95BD71E41CFEBAEE0001ED50 /* UIImage+Compress.m */; };
		95BD71F71CFEBAEE0001ED50 /* UIImage+ImageEffects.m in Sources */ = {isa = PBXBuildFile; fileRef = 95BD71E61CFEBAEE0001ED50 /* UIImage+ImageEffects.m */; };
		95BD71F81CFEBAEE0001ED50 /* UIImage+ImageWithColor.m in Sources */ = {isa = PBXBuildFile; fileRef = 95BD71E81CFEBAEE0001ED50 /* UIImage+ImageWithColor.m */; };
		95BD71F91CFEBAEE0001ED50 /* UIImage+Resize.m in Sources */ = {isa = PBXBuildFile; fileRef = 95BD71EA1CFEBAEE0001ED50 /* UIImage+Resize.m */; };
		95BD71FA1CFEBAEE0001ED50 /* UIImage+Screenshot.m in Sources */ = {isa = PBXBuildFile; fileRef = 95BD71EC1CFEBAEE0001ED50 /* UIImage+Screenshot.m */; };
		95BD71FB1CFEBAEE0001ED50 /* UIImage+Tagged.m in Sources */ = {isa = PBXBuildFile; fileRef = 95BD71EE1CFEBAEE0001ED50 /* UIImage+Tagged.m */; };
		95BD71FC1CFEBAEE0001ED50 /* UIImage+TM.m in Sources */ = {isa = PBXBuildFile; fileRef = 95BD71F01CFEBAEE0001ED50 /* UIImage+TM.m */; };
		95BD71FD1CFEBAEE0001ED50 /* UIImage+Utilities.m in Sources */ = {isa = PBXBuildFile; fileRef = 95BD71F21CFEBAEE0001ED50 /* UIImage+Utilities.m */; };
		95BD72071CFEBBD50001ED50 /* UIActionSheet+Block.m in Sources */ = {isa = PBXBuildFile; fileRef = 95BD72021CFEBBD50001ED50 /* UIActionSheet+Block.m */; };
		95BD72081CFEBBD50001ED50 /* UIAlertView+Block.m in Sources */ = {isa = PBXBuildFile; fileRef = 95BD72041CFEBBD50001ED50 /* UIAlertView+Block.m */; };
		95BD72091CFEBBD50001ED50 /* UIButton+Timer.m in Sources */ = {isa = PBXBuildFile; fileRef = 95BD72061CFEBBD50001ED50 /* UIButton+Timer.m */; };
		95BD720B1CFECC210001ED50 /* MSFoundation.framework in Frameworks */ = {isa = PBXBuildFile; fileRef = 95BD720A1CFECC210001ED50 /* MSFoundation.framework */; };
		95BD720E1CFECC840001ED50 /* MSFirstViewController.m in Sources */ = {isa = PBXBuildFile; fileRef = 95BD720D1CFECC840001ED50 /* MSFirstViewController.m */; };
		95BD72121CFED16D0001ED50 /* MSRequest.m in Sources */ = {isa = PBXBuildFile; fileRef = 95BD72111CFED16D0001ED50 /* MSRequest.m */; };
		95DB48A21D17C5A900F03324 /* MSHttpConfig.m in Sources */ = {isa = PBXBuildFile; fileRef = 95DB48A11D17C5A900F03324 /* MSHttpConfig.m */; };
		D1FE06A51BEDB9F6B710AD84 /* libPods.a in Frameworks */ = {isa = PBXBuildFile; fileRef = AD8BA59A261A63E6CED2A6ED /* libPods.a */; };
/* End PBXBuildFile section */

/* Begin PBXFileReference section */
		6B8647F169AC0B37B6A2C6AD /* Pods.debug.xcconfig */ = {isa = PBXFileReference; includeInIndex = 1; lastKnownFileType = text.xcconfig; name = Pods.debug.xcconfig; path = "Pods/Target Support Files/Pods/Pods.debug.xcconfig"; sourceTree = "<group>"; };
		89068A1DE50ED0F9CAAC5DEE /* Pods.release.xcconfig */ = {isa = PBXFileReference; includeInIndex = 1; lastKnownFileType = text.xcconfig; name = Pods.release.xcconfig; path = "Pods/Target Support Files/Pods/Pods.release.xcconfig"; sourceTree = "<group>"; };
		9533171B1CF5C70D00890E4F /* MSBase.app */ = {isa = PBXFileReference; explicitFileType = wrapper.application; includeInIndex = 0; path = MSBase.app; sourceTree = BUILT_PRODUCTS_DIR; };
		9533171F1CF5C70D00890E4F /* main.m */ = {isa = PBXFileReference; lastKnownFileType = sourcecode.c.objc; path = main.m; sourceTree = "<group>"; };
		953317211CF5C70D00890E4F /* AppDelegate.h */ = {isa = PBXFileReference; lastKnownFileType = sourcecode.c.h; path = AppDelegate.h; sourceTree = "<group>"; };
		953317221CF5C70D00890E4F /* AppDelegate.m */ = {isa = PBXFileReference; lastKnownFileType = sourcecode.c.objc; path = AppDelegate.m; sourceTree = "<group>"; };
		953317241CF5C70D00890E4F /* ViewController.h */ = {isa = PBXFileReference; lastKnownFileType = sourcecode.c.h; path = ViewController.h; sourceTree = "<group>"; };
		953317251CF5C70D00890E4F /* ViewController.m */ = {isa = PBXFileReference; lastKnownFileType = sourcecode.c.objc; path = ViewController.m; sourceTree = "<group>"; };
		953317281CF5C70D00890E4F /* Base */ = {isa = PBXFileReference; lastKnownFileType = file.storyboard; name = Base; path = Base.lproj/Main.storyboard; sourceTree = "<group>"; };
		9533172A1CF5C70D00890E4F /* Assets.xcassets */ = {isa = PBXFileReference; lastKnownFileType = folder.assetcatalog; path = Assets.xcassets; sourceTree = "<group>"; };
		9533172D1CF5C70D00890E4F /* Base */ = {isa = PBXFileReference; lastKnownFileType = file.storyboard; name = Base; path = Base.lproj/LaunchScreen.storyboard; sourceTree = "<group>"; };
		9533172F1CF5C70D00890E4F /* Info.plist */ = {isa = PBXFileReference; lastKnownFileType = text.plist.xml; path = Info.plist; sourceTree = "<group>"; };
		954EDD421CFC135E009B1038 /* MSLaunchHelper.h */ = {isa = PBXFileReference; fileEncoding = 4; lastKnownFileType = sourcecode.c.h; path = MSLaunchHelper.h; sourceTree = "<group>"; };
		954EDD431CFC135E009B1038 /* MSLaunchHelper.m */ = {isa = PBXFileReference; fileEncoding = 4; lastKnownFileType = sourcecode.c.objc; path = MSLaunchHelper.m; sourceTree = "<group>"; };
		954EDD461CFC1F46009B1038 /* MSViewController.h */ = {isa = PBXFileReference; fileEncoding = 4; lastKnownFileType = sourcecode.c.h; path = MSViewController.h; sourceTree = "<group>"; };
		954EDD471CFC1F46009B1038 /* MSViewController.m */ = {isa = PBXFileReference; fileEncoding = 4; lastKnownFileType = sourcecode.c.objc; path = MSViewController.m; sourceTree = "<group>"; };
		954EDD491CFC1FE5009B1038 /* MSNavigationController.h */ = {isa = PBXFileReference; fileEncoding = 4; lastKnownFileType = sourcecode.c.h; path = MSNavigationController.h; sourceTree = "<group>"; };
		954EDD4A1CFC1FE5009B1038 /* MSNavigationController.m */ = {isa = PBXFileReference; fileEncoding = 4; lastKnownFileType = sourcecode.c.objc; path = MSNavigationController.m; sourceTree = "<group>"; };
		954EDD4C1CFC20C6009B1038 /* MSCategory.h */ = {isa = PBXFileReference; lastKnownFileType = sourcecode.c.h; path = MSCategory.h; sourceTree = "<group>"; };
		954EDD4D1CFC20E5009B1038 /* UIColor+MS.h */ = {isa = PBXFileReference; fileEncoding = 4; lastKnownFileType = sourcecode.c.h; path = "UIColor+MS.h"; sourceTree = "<group>"; };
		954EDD4E1CFC20E5009B1038 /* UIColor+MS.m */ = {isa = PBXFileReference; fileEncoding = 4; lastKnownFileType = sourcecode.c.objc; path = "UIColor+MS.m"; sourceTree = "<group>"; };
		954EDD501CFC2142009B1038 /* marco.h */ = {isa = PBXFileReference; fileEncoding = 4; lastKnownFileType = sourcecode.c.h; path = marco.h; sourceTree = "<group>"; };
		954EDD541CFC23D2009B1038 /* MSUserInfo.h */ = {isa = PBXFileReference; fileEncoding = 4; lastKnownFileType = sourcecode.c.h; path = MSUserInfo.h; sourceTree = "<group>"; };
		954EDD551CFC23D2009B1038 /* MSUserInfo.m */ = {isa = PBXFileReference; fileEncoding = 4; lastKnownFileType = sourcecode.c.objc; path = MSUserInfo.m; sourceTree = "<group>"; };
		954EDD5D1CFC28B2009B1038 /* MSLoginViewController.h */ = {isa = PBXFileReference; fileEncoding = 4; lastKnownFileType = sourcecode.c.h; path = MSLoginViewController.h; sourceTree = "<group>"; };
		954EDD5E1CFC28B2009B1038 /* MSLoginViewController.m */ = {isa = PBXFileReference; fileEncoding = 4; lastKnownFileType = sourcecode.c.objc; path = MSLoginViewController.m; sourceTree = "<group>"; };
		954EDD601CFC2DAC009B1038 /* UIViewController+Tracking.h */ = {isa = PBXFileReference; fileEncoding = 4; lastKnownFileType = sourcecode.c.h; path = "UIViewController+Tracking.h"; sourceTree = "<group>"; };
		954EDD611CFC2DAC009B1038 /* UIViewController+Tracking.m */ = {isa = PBXFileReference; fileEncoding = 4; lastKnownFileType = sourcecode.c.objc; path = "UIViewController+Tracking.m"; sourceTree = "<group>"; };
		954EDD651CFC34D7009B1038 /* MSLogHelper.h */ = {isa = PBXFileReference; fileEncoding = 4; lastKnownFileType = sourcecode.c.h; path = MSLogHelper.h; sourceTree = "<group>"; };
		954EDD661CFC34D7009B1038 /* MSLogHelper.m */ = {isa = PBXFileReference; fileEncoding = 4; lastKnownFileType = sourcecode.c.objc; path = MSLogHelper.m; sourceTree = "<group>"; };
		954EDD681CFC3842009B1038 /* MSURLActionDefinition.h */ = {isa = PBXFileReference; fileEncoding = 4; lastKnownFileType = sourcecode.c.h; path = MSURLActionDefinition.h; sourceTree = "<group>"; };
		954EDD691CFC3A48009B1038 /* TestViewController.h */ = {isa = PBXFileReference; fileEncoding = 4; lastKnownFileType = sourcecode.c.h; path = TestViewController.h; sourceTree = "<group>"; };
		954EDD6A1CFC3A48009B1038 /* TestViewController.m */ = {isa = PBXFileReference; fileEncoding = 4; lastKnownFileType = sourcecode.c.objc; path = TestViewController.m; sourceTree = "<group>"; };
		95BD71B61CFE85D60001ED50 /* MSHelper.h */ = {isa = PBXFileReference; fileEncoding = 4; lastKnownFileType = sourcecode.c.h; path = MSHelper.h; sourceTree = "<group>"; };
		95BD71B71CFE85D60001ED50 /* MSHelper.m */ = {isa = PBXFileReference; fileEncoding = 4; lastKnownFileType = sourcecode.c.objc; path = MSHelper.m; sourceTree = "<group>"; };
		95BD71BA1CFE87710001ED50 /* MSGuideView.h */ = {isa = PBXFileReference; fileEncoding = 4; lastKnownFileType = sourcecode.c.h; path = MSGuideView.h; sourceTree = "<group>"; };
		95BD71BB1CFE87710001ED50 /* MSGuideView.m */ = {isa = PBXFileReference; fileEncoding = 4; lastKnownFileType = sourcecode.c.objc; path = MSGuideView.m; sourceTree = "<group>"; };
		95BD71BC1CFE87710001ED50 /* MSMyPageControl.h */ = {isa = PBXFileReference; fileEncoding = 4; lastKnownFileType = sourcecode.c.h; path = MSMyPageControl.h; sourceTree = "<group>"; };
		95BD71BD1CFE87710001ED50 /* MSMyPageControl.m */ = {isa = PBXFileReference; fileEncoding = 4; lastKnownFileType = sourcecode.c.objc; path = MSMyPageControl.m; sourceTree = "<group>"; };
		95BD71C01CFE87F80001ED50 /* MSHelper+Navigation.h */ = {isa = PBXFileReference; fileEncoding = 4; lastKnownFileType = sourcecode.c.h; path = "MSHelper+Navigation.h"; sourceTree = "<group>"; };
		95BD71C11CFE87F80001ED50 /* MSHelper+Navigation.m */ = {isa = PBXFileReference; fileEncoding = 4; lastKnownFileType = sourcecode.c.objc; path = "MSHelper+Navigation.m"; sourceTree = "<group>"; };
		95BD71C31CFE88100001ED50 /* MSHelper+UIBarButtonItem.h */ = {isa = PBXFileReference; fileEncoding = 4; lastKnownFileType = sourcecode.c.h; path = "MSHelper+UIBarButtonItem.h"; sourceTree = "<group>"; };
		95BD71C41CFE88100001ED50 /* MSHelper+UIBarButtonItem.m */ = {isa = PBXFileReference; fileEncoding = 4; lastKnownFileType = sourcecode.c.objc; path = "MSHelper+UIBarButtonItem.m"; sourceTree = "<group>"; };
		95BD71C61CFE89050001ED50 /* MSTabBarController.h */ = {isa = PBXFileReference; fileEncoding = 4; lastKnownFileType = sourcecode.c.h; path = MSTabBarController.h; sourceTree = "<group>"; };
		95BD71C71CFE89050001ED50 /* MSTabBarController.m */ = {isa = PBXFileReference; fileEncoding = 4; lastKnownFileType = sourcecode.c.objc; path = MSTabBarController.m; sourceTree = "<group>"; };
		95BD71C91CFE8A6B0001ED50 /* MSNavigationBar.h */ = {isa = PBXFileReference; fileEncoding = 4; lastKnownFileType = sourcecode.c.h; path = MSNavigationBar.h; sourceTree = "<group>"; };
		95BD71CA1CFE8A6B0001ED50 /* MSNavigationBar.m */ = {isa = PBXFileReference; fileEncoding = 4; lastKnownFileType = sourcecode.c.objc; path = MSNavigationBar.m; sourceTree = "<group>"; };
		95BD71CC1CFE8FC30001ED50 /* MSUtil.h */ = {isa = PBXFileReference; fileEncoding = 4; lastKnownFileType = sourcecode.c.h; path = MSUtil.h; sourceTree = "<group>"; };
		95BD71CD1CFE8FC30001ED50 /* MSUtil.m */ = {isa = PBXFileReference; fileEncoding = 4; lastKnownFileType = sourcecode.c.objc; path = MSUtil.m; sourceTree = "<group>"; };
		95BD71CF1CFEA6300001ED50 /* MSDefine.h */ = {isa = PBXFileReference; fileEncoding = 4; lastKnownFileType = sourcecode.c.h; path = MSDefine.h; sourceTree = "<group>"; };
		95BD71D01CFEAECC0001ED50 /* MSAnalyticsManager.h */ = {isa = PBXFileReference; fileEncoding = 4; lastKnownFileType = sourcecode.c.h; path = MSAnalyticsManager.h; sourceTree = "<group>"; };
		95BD71D11CFEAECC0001ED50 /* MSAnalyticsManager.m */ = {isa = PBXFileReference; fileEncoding = 4; lastKnownFileType = sourcecode.c.objc; path = MSAnalyticsManager.m; sourceTree = "<group>"; };
		95BD71D31CFEB12B0001ED50 /* MSHotUpdateManager.h */ = {isa = PBXFileReference; fileEncoding = 4; lastKnownFileType = sourcecode.c.h; path = MSHotUpdateManager.h; sourceTree = "<group>"; };
		95BD71D41CFEB12B0001ED50 /* MSHotUpdateManager.m */ = {isa = PBXFileReference; fileEncoding = 4; lastKnownFileType = sourcecode.c.objc; path = MSHotUpdateManager.m; sourceTree = "<group>"; };
		95BD71D61CFEB3B60001ED50 /* MSPushService.h */ = {isa = PBXFileReference; fileEncoding = 4; lastKnownFileType = sourcecode.c.h; path = MSPushService.h; sourceTree = "<group>"; };
		95BD71D71CFEB3B60001ED50 /* MSPushService.m */ = {isa = PBXFileReference; fileEncoding = 4; lastKnownFileType = sourcecode.c.objc; path = MSPushService.m; sourceTree = "<group>"; };
		95BD71D91CFEB8D70001ED50 /* demo.js */ = {isa = PBXFileReference; fileEncoding = 4; lastKnownFileType = sourcecode.javascript; path = demo.js; sourceTree = "<group>"; };
		95BD71DB1CFEBA7C0001ED50 /* UIViewController+Popup.h */ = {isa = PBXFileReference; fileEncoding = 4; lastKnownFileType = sourcecode.c.h; path = "UIViewController+Popup.h"; sourceTree = "<group>"; };
		95BD71DC1CFEBA7C0001ED50 /* UIViewController+Popup.m */ = {isa = PBXFileReference; fileEncoding = 4; lastKnownFileType = sourcecode.c.objc; path = "UIViewController+Popup.m"; sourceTree = "<group>"; };
		95BD71DF1CFEBAEE0001ED50 /* UIImage+Blur.h */ = {isa = PBXFileReference; fileEncoding = 4; lastKnownFileType = sourcecode.c.h; path = "UIImage+Blur.h"; sourceTree = "<group>"; };
		95BD71E01CFEBAEE0001ED50 /* UIImage+Blur.m */ = {isa = PBXFileReference; fileEncoding = 4; lastKnownFileType = sourcecode.c.objc; path = "UIImage+Blur.m"; sourceTree = "<group>"; };
		95BD71E11CFEBAEE0001ED50 /* UIImage+BoxBlur.h */ = {isa = PBXFileReference; fileEncoding = 4; lastKnownFileType = sourcecode.c.h; path = "UIImage+BoxBlur.h"; sourceTree = "<group>"; };
		95BD71E21CFEBAEE0001ED50 /* UIImage+BoxBlur.m */ = {isa = PBXFileReference; fileEncoding = 4; lastKnownFileType = sourcecode.c.objc; path = "UIImage+BoxBlur.m"; sourceTree = "<group>"; };
		95BD71E31CFEBAEE0001ED50 /* UIImage+Compress.h */ = {isa = PBXFileReference; fileEncoding = 4; lastKnownFileType = sourcecode.c.h; path = "UIImage+Compress.h"; sourceTree = "<group>"; };
		95BD71E41CFEBAEE0001ED50 /* UIImage+Compress.m */ = {isa = PBXFileReference; fileEncoding = 4; lastKnownFileType = sourcecode.c.objc; path = "UIImage+Compress.m"; sourceTree = "<group>"; };
		95BD71E51CFEBAEE0001ED50 /* UIImage+ImageEffects.h */ = {isa = PBXFileReference; fileEncoding = 4; lastKnownFileType = sourcecode.c.h; path = "UIImage+ImageEffects.h"; sourceTree = "<group>"; };
		95BD71E61CFEBAEE0001ED50 /* UIImage+ImageEffects.m */ = {isa = PBXFileReference; fileEncoding = 4; lastKnownFileType = sourcecode.c.objc; path = "UIImage+ImageEffects.m"; sourceTree = "<group>"; };
		95BD71E71CFEBAEE0001ED50 /* UIImage+ImageWithColor.h */ = {isa = PBXFileReference; fileEncoding = 4; lastKnownFileType = sourcecode.c.h; path = "UIImage+ImageWithColor.h"; sourceTree = "<group>"; };
		95BD71E81CFEBAEE0001ED50 /* UIImage+ImageWithColor.m */ = {isa = PBXFileReference; fileEncoding = 4; lastKnownFileType = sourcecode.c.objc; path = "UIImage+ImageWithColor.m"; sourceTree = "<group>"; };
		95BD71E91CFEBAEE0001ED50 /* UIImage+Resize.h */ = {isa = PBXFileReference; fileEncoding = 4; lastKnownFileType = sourcecode.c.h; path = "UIImage+Resize.h"; sourceTree = "<group>"; };
		95BD71EA1CFEBAEE0001ED50 /* UIImage+Resize.m */ = {isa = PBXFileReference; fileEncoding = 4; lastKnownFileType = sourcecode.c.objc; path = "UIImage+Resize.m"; sourceTree = "<group>"; };
		95BD71EB1CFEBAEE0001ED50 /* UIImage+Screenshot.h */ = {isa = PBXFileReference; fileEncoding = 4; lastKnownFileType = sourcecode.c.h; path = "UIImage+Screenshot.h"; sourceTree = "<group>"; };
		95BD71EC1CFEBAEE0001ED50 /* UIImage+Screenshot.m */ = {isa = PBXFileReference; fileEncoding = 4; lastKnownFileType = sourcecode.c.objc; path = "UIImage+Screenshot.m"; sourceTree = "<group>"; };
		95BD71ED1CFEBAEE0001ED50 /* UIImage+Tagged.h */ = {isa = PBXFileReference; fileEncoding = 4; lastKnownFileType = sourcecode.c.h; path = "UIImage+Tagged.h"; sourceTree = "<group>"; };
		95BD71EE1CFEBAEE0001ED50 /* UIImage+Tagged.m */ = {isa = PBXFileReference; fileEncoding = 4; lastKnownFileType = sourcecode.c.objc; path = "UIImage+Tagged.m"; sourceTree = "<group>"; };
		95BD71EF1CFEBAEE0001ED50 /* UIImage+TM.h */ = {isa = PBXFileReference; fileEncoding = 4; lastKnownFileType = sourcecode.c.h; path = "UIImage+TM.h"; sourceTree = "<group>"; };
		95BD71F01CFEBAEE0001ED50 /* UIImage+TM.m */ = {isa = PBXFileReference; fileEncoding = 4; lastKnownFileType = sourcecode.c.objc; path = "UIImage+TM.m"; sourceTree = "<group>"; };
		95BD71F11CFEBAEE0001ED50 /* UIImage+Utilities.h */ = {isa = PBXFileReference; fileEncoding = 4; lastKnownFileType = sourcecode.c.h; path = "UIImage+Utilities.h"; sourceTree = "<group>"; };
		95BD71F21CFEBAEE0001ED50 /* UIImage+Utilities.m */ = {isa = PBXFileReference; fileEncoding = 4; lastKnownFileType = sourcecode.c.objc; path = "UIImage+Utilities.m"; sourceTree = "<group>"; };
		95BD71F31CFEBAEE0001ED50 /* UIImage-Helpers.h */ = {isa = PBXFileReference; fileEncoding = 4; lastKnownFileType = sourcecode.c.h; path = "UIImage-Helpers.h"; sourceTree = "<group>"; };
		95BD72011CFEBBD50001ED50 /* UIActionSheet+Block.h */ = {isa = PBXFileReference; fileEncoding = 4; lastKnownFileType = sourcecode.c.h; path = "UIActionSheet+Block.h"; sourceTree = "<group>"; };
		95BD72021CFEBBD50001ED50 /* UIActionSheet+Block.m */ = {isa = PBXFileReference; fileEncoding = 4; lastKnownFileType = sourcecode.c.objc; path = "UIActionSheet+Block.m"; sourceTree = "<group>"; };
		95BD72031CFEBBD50001ED50 /* UIAlertView+Block.h */ = {isa = PBXFileReference; fileEncoding = 4; lastKnownFileType = sourcecode.c.h; path = "UIAlertView+Block.h"; sourceTree = "<group>"; };
		95BD72041CFEBBD50001ED50 /* UIAlertView+Block.m */ = {isa = PBXFileReference; fileEncoding = 4; lastKnownFileType = sourcecode.c.objc; path = "UIAlertView+Block.m"; sourceTree = "<group>"; };
		95BD72051CFEBBD50001ED50 /* UIButton+Timer.h */ = {isa = PBXFileReference; fileEncoding = 4; lastKnownFileType = sourcecode.c.h; path = "UIButton+Timer.h"; sourceTree = "<group>"; };
		95BD72061CFEBBD50001ED50 /* UIButton+Timer.m */ = {isa = PBXFileReference; fileEncoding = 4; lastKnownFileType = sourcecode.c.objc; path = "UIButton+Timer.m"; sourceTree = "<group>"; };
		95BD720A1CFECC210001ED50 /* MSFoundation.framework */ = {isa = PBXFileReference; lastKnownFileType = wrapper.framework; path = MSFoundation.framework; sourceTree = "<group>"; };
		95BD720C1CFECC840001ED50 /* MSFirstViewController.h */ = {isa = PBXFileReference; fileEncoding = 4; lastKnownFileType = sourcecode.c.h; path = MSFirstViewController.h; sourceTree = "<group>"; };
		95BD720D1CFECC840001ED50 /* MSFirstViewController.m */ = {isa = PBXFileReference; fileEncoding = 4; lastKnownFileType = sourcecode.c.objc; path = MSFirstViewController.m; sourceTree = "<group>"; };
		95BD72101CFED16D0001ED50 /* MSRequest.h */ = {isa = PBXFileReference; fileEncoding = 4; lastKnownFileType = sourcecode.c.h; path = MSRequest.h; sourceTree = "<group>"; };
		95BD72111CFED16D0001ED50 /* MSRequest.m */ = {isa = PBXFileReference; fileEncoding = 4; lastKnownFileType = sourcecode.c.objc; path = MSRequest.m; sourceTree = "<group>"; };
		95DB48A01D17C5A900F03324 /* MSHttpConfig.h */ = {isa = PBXFileReference; fileEncoding = 4; lastKnownFileType = sourcecode.c.h; path = MSHttpConfig.h; sourceTree = "<group>"; };
		95DB48A11D17C5A900F03324 /* MSHttpConfig.m */ = {isa = PBXFileReference; fileEncoding = 4; lastKnownFileType = sourcecode.c.objc; path = MSHttpConfig.m; sourceTree = "<group>"; };
		95FA69A61CF99E3A0006F5A0 /* MSPrefixHeader.pch */ = {isa = PBXFileReference; fileEncoding = 4; lastKnownFileType = sourcecode.c.h; path = MSPrefixHeader.pch; sourceTree = "<group>"; };
		AD8BA59A261A63E6CED2A6ED /* libPods.a */ = {isa = PBXFileReference; explicitFileType = archive.ar; includeInIndex = 0; path = libPods.a; sourceTree = BUILT_PRODUCTS_DIR; };
/* End PBXFileReference section */

/* Begin PBXFrameworksBuildPhase section */
		953317181CF5C70D00890E4F /* Frameworks */ = {
			isa = PBXFrameworksBuildPhase;
			buildActionMask = 2147483647;
			files = (
				D1FE06A51BEDB9F6B710AD84 /* libPods.a in Frameworks */,
				95BD720B1CFECC210001ED50 /* MSFoundation.framework in Frameworks */,
			);
			runOnlyForDeploymentPostprocessing = 0;
		};
/* End PBXFrameworksBuildPhase section */

/* Begin PBXGroup section */
		3DA5EAB33D79963D9D7D15B5 /* Frameworks */ = {
			isa = PBXGroup;
			children = (
				AD8BA59A261A63E6CED2A6ED /* libPods.a */,
			);
			name = Frameworks;
			sourceTree = "<group>";
		};
		953317121CF5C70D00890E4F = {
			isa = PBXGroup;
			children = (
				9533171D1CF5C70D00890E4F /* MSBase */,
				9533171C1CF5C70D00890E4F /* Products */,
				B316B458E38F65BBE58E6820 /* Pods */,
				3DA5EAB33D79963D9D7D15B5 /* Frameworks */,
			);
			sourceTree = "<group>";
		};
		9533171C1CF5C70D00890E4F /* Products */ = {
			isa = PBXGroup;
			children = (
				9533171B1CF5C70D00890E4F /* MSBase.app */,
			);
			name = Products;
			sourceTree = "<group>";
		};
		9533171D1CF5C70D00890E4F /* MSBase */ = {
			isa = PBXGroup;
			children = (
				954EDD361CFC126A009B1038 /* Class */,
				954EDD3F1CFC126A009B1038 /* Framework */,
				953317211CF5C70D00890E4F /* AppDelegate.h */,
				953317221CF5C70D00890E4F /* AppDelegate.m */,
				953317241CF5C70D00890E4F /* ViewController.h */,
				953317251CF5C70D00890E4F /* ViewController.m */,
				953317271CF5C70D00890E4F /* Main.storyboard */,
				9533172A1CF5C70D00890E4F /* Assets.xcassets */,
				9533172C1CF5C70D00890E4F /* LaunchScreen.storyboard */,
				9533172F1CF5C70D00890E4F /* Info.plist */,
				9533171E1CF5C70D00890E4F /* Supporting Files */,
				954EDD691CFC3A48009B1038 /* TestViewController.h */,
				954EDD6A1CFC3A48009B1038 /* TestViewController.m */,
			);
			path = MSBase;
			sourceTree = "<group>";
		};
		9533171E1CF5C70D00890E4F /* Supporting Files */ = {
			isa = PBXGroup;
			children = (
				95BD71D91CFEB8D70001ED50 /* demo.js */,
				9533171F1CF5C70D00890E4F /* main.m */,
				95FA69A61CF99E3A0006F5A0 /* MSPrefixHeader.pch */,
			);
			name = "Supporting Files";
			sourceTree = "<group>";
		};
		954EDD361CFC126A009B1038 /* Class */ = {
			isa = PBXGroup;
			children = (
				954EDD371CFC126A009B1038 /* Activity */,
				954EDD381CFC126A009B1038 /* Category */,
				954EDD391CFC126A009B1038 /* Constant */,
				954EDD3A1CFC126A009B1038 /* Unit */,
				954EDD3E1CFC126A009B1038 /* Vendor */,
			);
			path = Class;
			sourceTree = "<group>";
		};
		954EDD371CFC126A009B1038 /* Activity */ = {
			isa = PBXGroup;
			children = (
				954EDD571CFC25CB009B1038 /* Home */,
				954EDD581CFC25CB009B1038 /* Login */,
				954EDD591CFC25CB009B1038 /* Me */,
				954EDD451CFC1F2E009B1038 /* Root */,
			);
			path = Activity;
			sourceTree = "<group>";
		};
		954EDD381CFC126A009B1038 /* Category */ = {
			isa = PBXGroup;
			children = (
				95BD71DE1CFEBAEE0001ED50 /* UIImage-Helpers */,
				954EDD4C1CFC20C6009B1038 /* MSCategory.h */,
				954EDD4D1CFC20E5009B1038 /* UIColor+MS.h */,
				954EDD4E1CFC20E5009B1038 /* UIColor+MS.m */,
				954EDD601CFC2DAC009B1038 /* UIViewController+Tracking.h */,
				954EDD611CFC2DAC009B1038 /* UIViewController+Tracking.m */,
				95BD71C01CFE87F80001ED50 /* MSHelper+Navigation.h */,
				95BD71C11CFE87F80001ED50 /* MSHelper+Navigation.m */,
				95BD71C31CFE88100001ED50 /* MSHelper+UIBarButtonItem.h */,
				95BD71C41CFE88100001ED50 /* MSHelper+UIBarButtonItem.m */,
				95BD71DB1CFEBA7C0001ED50 /* UIViewController+Popup.h */,
				95BD71DC1CFEBA7C0001ED50 /* UIViewController+Popup.m */,
				95BD72011CFEBBD50001ED50 /* UIActionSheet+Block.h */,
				95BD72021CFEBBD50001ED50 /* UIActionSheet+Block.m */,
				95BD72031CFEBBD50001ED50 /* UIAlertView+Block.h */,
				95BD72041CFEBBD50001ED50 /* UIAlertView+Block.m */,
				95BD72051CFEBBD50001ED50 /* UIButton+Timer.h */,
				95BD72061CFEBBD50001ED50 /* UIButton+Timer.m */,
			);
			path = Category;
			sourceTree = "<group>";
		};
		954EDD391CFC126A009B1038 /* Constant */ = {
			isa = PBXGroup;
			children = (
				954EDD501CFC2142009B1038 /* marco.h */,
				954EDD681CFC3842009B1038 /* MSURLActionDefinition.h */,
				95BD71CF1CFEA6300001ED50 /* MSDefine.h */,
			);
			path = Constant;
			sourceTree = "<group>";
		};
		954EDD3A1CFC126A009B1038 /* Unit */ = {
			isa = PBXGroup;
			children = (
				95BD720F1CFED0FE0001ED50 /* Http */,
				954EDD531CFC23B6009B1038 /* Model */,
				954EDD3B1CFC126A009B1038 /* Help */,
				954EDD3C1CFC126A009B1038 /* Manager */,
				954EDD3D1CFC126A009B1038 /* Util */,
			);
			path = Unit;
			sourceTree = "<group>";
		};
		954EDD3B1CFC126A009B1038 /* Help */ = {
			isa = PBXGroup;
			children = (
				954EDD421CFC135E009B1038 /* MSLaunchHelper.h */,
				954EDD431CFC135E009B1038 /* MSLaunchHelper.m */,
				954EDD651CFC34D7009B1038 /* MSLogHelper.h */,
				954EDD661CFC34D7009B1038 /* MSLogHelper.m */,
				95BD71B61CFE85D60001ED50 /* MSHelper.h */,
				95BD71B71CFE85D60001ED50 /* MSHelper.m */,
			);
			path = Help;
			sourceTree = "<group>";
		};
		954EDD3C1CFC126A009B1038 /* Manager */ = {
			isa = PBXGroup;
			children = (
				95BD71D01CFEAECC0001ED50 /* MSAnalyticsManager.h */,
				95BD71D11CFEAECC0001ED50 /* MSAnalyticsManager.m */,
				95BD71D31CFEB12B0001ED50 /* MSHotUpdateManager.h */,
				95BD71D41CFEB12B0001ED50 /* MSHotUpdateManager.m */,
				95BD71D61CFEB3B60001ED50 /* MSPushService.h */,
				95BD71D71CFEB3B60001ED50 /* MSPushService.m */,
				95DB48A01D17C5A900F03324 /* MSHttpConfig.h */,
				95DB48A11D17C5A900F03324 /* MSHttpConfig.m */,
			);
			path = Manager;
			sourceTree = "<group>";
		};
		954EDD3D1CFC126A009B1038 /* Util */ = {
			isa = PBXGroup;
			children = (
				95BD71CC1CFE8FC30001ED50 /* MSUtil.h */,
				95BD71CD1CFE8FC30001ED50 /* MSUtil.m */,
			);
			path = Util;
			sourceTree = "<group>";
		};
		954EDD3E1CFC126A009B1038 /* Vendor */ = {
			isa = PBXGroup;
			children = (
				95BD71B91CFE87710001ED50 /* guide */,
			);
			path = Vendor;
			sourceTree = "<group>";
		};
		954EDD3F1CFC126A009B1038 /* Framework */ = {
			isa = PBXGroup;
			children = (
				95BD720A1CFECC210001ED50 /* MSFoundation.framework */,
			);
			path = Framework;
			sourceTree = "<group>";
		};
		954EDD451CFC1F2E009B1038 /* Root */ = {
			isa = PBXGroup;
			children = (
				954EDD461CFC1F46009B1038 /* MSViewController.h */,
				954EDD471CFC1F46009B1038 /* MSViewController.m */,
				954EDD491CFC1FE5009B1038 /* MSNavigationController.h */,
				954EDD4A1CFC1FE5009B1038 /* MSNavigationController.m */,
				95BD71C61CFE89050001ED50 /* MSTabBarController.h */,
				95BD71C71CFE89050001ED50 /* MSTabBarController.m */,
				95BD71C91CFE8A6B0001ED50 /* MSNavigationBar.h */,
				95BD71CA1CFE8A6B0001ED50 /* MSNavigationBar.m */,
				95BD720C1CFECC840001ED50 /* MSFirstViewController.h */,
				95BD720D1CFECC840001ED50 /* MSFirstViewController.m */,
			);
			path = Root;
			sourceTree = "<group>";
		};
		954EDD531CFC23B6009B1038 /* Model */ = {
			isa = PBXGroup;
			children = (
				954EDD541CFC23D2009B1038 /* MSUserInfo.h */,
				954EDD551CFC23D2009B1038 /* MSUserInfo.m */,
			);
			path = Model;
			sourceTree = "<group>";
		};
		954EDD571CFC25CB009B1038 /* Home */ = {
			isa = PBXGroup;
			children = (
			);
			path = Home;
			sourceTree = "<group>";
		};
		954EDD581CFC25CB009B1038 /* Login */ = {
			isa = PBXGroup;
			children = (
				954EDD5D1CFC28B2009B1038 /* MSLoginViewController.h */,
				954EDD5E1CFC28B2009B1038 /* MSLoginViewController.m */,
			);
			path = Login;
			sourceTree = "<group>";
		};
		954EDD591CFC25CB009B1038 /* Me */ = {
			isa = PBXGroup;
			children = (
			);
			path = Me;
			sourceTree = "<group>";
		};
		95BD71B91CFE87710001ED50 /* guide */ = {
			isa = PBXGroup;
			children = (
				95BD71BA1CFE87710001ED50 /* MSGuideView.h */,
				95BD71BB1CFE87710001ED50 /* MSGuideView.m */,
				95BD71BC1CFE87710001ED50 /* MSMyPageControl.h */,
				95BD71BD1CFE87710001ED50 /* MSMyPageControl.m */,
			);
			path = guide;
			sourceTree = "<group>";
		};
		95BD71DE1CFEBAEE0001ED50 /* UIImage-Helpers */ = {
			isa = PBXGroup;
			children = (
				95BD71DF1CFEBAEE0001ED50 /* UIImage+Blur.h */,
				95BD71E01CFEBAEE0001ED50 /* UIImage+Blur.m */,
				95BD71E11CFEBAEE0001ED50 /* UIImage+BoxBlur.h */,
				95BD71E21CFEBAEE0001ED50 /* UIImage+BoxBlur.m */,
				95BD71E31CFEBAEE0001ED50 /* UIImage+Compress.h */,
				95BD71E41CFEBAEE0001ED50 /* UIImage+Compress.m */,
				95BD71E51CFEBAEE0001ED50 /* UIImage+ImageEffects.h */,
				95BD71E61CFEBAEE0001ED50 /* UIImage+ImageEffects.m */,
				95BD71E71CFEBAEE0001ED50 /* UIImage+ImageWithColor.h */,
				95BD71E81CFEBAEE0001ED50 /* UIImage+ImageWithColor.m */,
				95BD71E91CFEBAEE0001ED50 /* UIImage+Resize.h */,
				95BD71EA1CFEBAEE0001ED50 /* UIImage+Resize.m */,
				95BD71EB1CFEBAEE0001ED50 /* UIImage+Screenshot.h */,
				95BD71EC1CFEBAEE0001ED50 /* UIImage+Screenshot.m */,
				95BD71ED1CFEBAEE0001ED50 /* UIImage+Tagged.h */,
				95BD71EE1CFEBAEE0001ED50 /* UIImage+Tagged.m */,
				95BD71EF1CFEBAEE0001ED50 /* UIImage+TM.h */,
				95BD71F01CFEBAEE0001ED50 /* UIImage+TM.m */,
				95BD71F11CFEBAEE0001ED50 /* UIImage+Utilities.h */,
				95BD71F21CFEBAEE0001ED50 /* UIImage+Utilities.m */,
				95BD71F31CFEBAEE0001ED50 /* UIImage-Helpers.h */,
			);
			path = "UIImage-Helpers";
			sourceTree = "<group>";
		};
		95BD720F1CFED0FE0001ED50 /* Http */ = {
			isa = PBXGroup;
			children = (
				95BD72101CFED16D0001ED50 /* MSRequest.h */,
				95BD72111CFED16D0001ED50 /* MSRequest.m */,
			);
			path = Http;
			sourceTree = "<group>";
		};
		B316B458E38F65BBE58E6820 /* Pods */ = {
			isa = PBXGroup;
			children = (
				6B8647F169AC0B37B6A2C6AD /* Pods.debug.xcconfig */,
				89068A1DE50ED0F9CAAC5DEE /* Pods.release.xcconfig */,
			);
			name = Pods;
			sourceTree = "<group>";
		};
/* End PBXGroup section */

/* Begin PBXNativeTarget section */
		9533171A1CF5C70D00890E4F /* MSBase */ = {
			isa = PBXNativeTarget;
			buildConfigurationList = 953317321CF5C70D00890E4F /* Build configuration list for PBXNativeTarget "MSBase" */;
			buildPhases = (
				3846B3FC1D8DAB2BD0670E1C /* Check Pods Manifest.lock */,
				953317171CF5C70D00890E4F /* Sources */,
				953317181CF5C70D00890E4F /* Frameworks */,
				953317191CF5C70D00890E4F /* Resources */,
				92D253FE82C8F1109E554791 /* Embed Pods Frameworks */,
				87719CD37B53E26DFC52E12C /* Copy Pods Resources */,
			);
			buildRules = (
			);
			dependencies = (
			);
			name = MSBase;
			productName = MSBase;
			productReference = 9533171B1CF5C70D00890E4F /* MSBase.app */;
			productType = "com.apple.product-type.application";
		};
/* End PBXNativeTarget section */

/* Begin PBXProject section */
		953317131CF5C70D00890E4F /* Project object */ = {
			isa = PBXProject;
			attributes = {
				LastUpgradeCheck = 0730;
				ORGANIZATIONNAME = ganshunwei;
				TargetAttributes = {
					9533171A1CF5C70D00890E4F = {
						CreatedOnToolsVersion = 7.3;
					};
				};
			};
			buildConfigurationList = 953317161CF5C70D00890E4F /* Build configuration list for PBXProject "MSBase" */;
			compatibilityVersion = "Xcode 3.2";
			developmentRegion = English;
			hasScannedForEncodings = 0;
			knownRegions = (
				en,
				Base,
			);
			mainGroup = 953317121CF5C70D00890E4F;
			productRefGroup = 9533171C1CF5C70D00890E4F /* Products */;
			projectDirPath = "";
			projectRoot = "";
			targets = (
				9533171A1CF5C70D00890E4F /* MSBase */,
			);
		};
/* End PBXProject section */

/* Begin PBXResourcesBuildPhase section */
		953317191CF5C70D00890E4F /* Resources */ = {
			isa = PBXResourcesBuildPhase;
			buildActionMask = 2147483647;
			files = (
				9533172E1CF5C70D00890E4F /* LaunchScreen.storyboard in Resources */,
				9533172B1CF5C70D00890E4F /* Assets.xcassets in Resources */,
				953317291CF5C70D00890E4F /* Main.storyboard in Resources */,
				95BD71DA1CFEB8D70001ED50 /* demo.js in Resources */,
			);
			runOnlyForDeploymentPostprocessing = 0;
		};
/* End PBXResourcesBuildPhase section */

/* Begin PBXShellScriptBuildPhase section */
		3846B3FC1D8DAB2BD0670E1C /* Check Pods Manifest.lock */ = {
			isa = PBXShellScriptBuildPhase;
			buildActionMask = 2147483647;
			files = (
			);
			inputPaths = (
			);
			name = "Check Pods Manifest.lock";
			outputPaths = (
			);
			runOnlyForDeploymentPostprocessing = 0;
			shellPath = /bin/sh;
			shellScript = "diff \"${PODS_ROOT}/../Podfile.lock\" \"${PODS_ROOT}/Manifest.lock\" > /dev/null\nif [[ $? != 0 ]] ; then\n    cat << EOM\nerror: The sandbox is not in sync with the Podfile.lock. Run 'pod install' or update your CocoaPods installation.\nEOM\n    exit 1\nfi\n";
			showEnvVarsInLog = 0;
		};
		87719CD37B53E26DFC52E12C /* Copy Pods Resources */ = {
			isa = PBXShellScriptBuildPhase;
			buildActionMask = 2147483647;
			files = (
			);
			inputPaths = (
			);
			name = "Copy Pods Resources";
			outputPaths = (
			);
			runOnlyForDeploymentPostprocessing = 0;
			shellPath = /bin/sh;
			shellScript = "\"${SRCROOT}/Pods/Target Support Files/Pods/Pods-resources.sh\"\n";
			showEnvVarsInLog = 0;
		};
		92D253FE82C8F1109E554791 /* Embed Pods Frameworks */ = {
			isa = PBXShellScriptBuildPhase;
			buildActionMask = 2147483647;
			files = (
			);
			inputPaths = (
			);
			name = "Embed Pods Frameworks";
			outputPaths = (
			);
			runOnlyForDeploymentPostprocessing = 0;
			shellPath = /bin/sh;
			shellScript = "\"${SRCROOT}/Pods/Target Support Files/Pods/Pods-frameworks.sh\"\n";
			showEnvVarsInLog = 0;
		};
/* End PBXShellScriptBuildPhase section */

/* Begin PBXSourcesBuildPhase section */
		953317171CF5C70D00890E4F /* Sources */ = {
			isa = PBXSourcesBuildPhase;
			buildActionMask = 2147483647;
			files = (
				95BD71D21CFEAECC0001ED50 /* MSAnalyticsManager.m in Sources */,
				954EDD481CFC1F46009B1038 /* MSViewController.m in Sources */,
				954EDD671CFC34D7009B1038 /* MSLogHelper.m in Sources */,
				95BD71FB1CFEBAEE0001ED50 /* UIImage+Tagged.m in Sources */,
				95BD71D81CFEB3B60001ED50 /* MSPushService.m in Sources */,
				95BD71FC1CFEBAEE0001ED50 /* UIImage+TM.m in Sources */,
				95BD71F61CFEBAEE0001ED50 /* UIImage+Compress.m in Sources */,
				953317261CF5C70D00890E4F /* ViewController.m in Sources */,
				954EDD561CFC23D2009B1038 /* MSUserInfo.m in Sources */,
				954EDD5F1CFC28B2009B1038 /* MSLoginViewController.m in Sources */,
				95BD71F41CFEBAEE0001ED50 /* UIImage+Blur.m in Sources */,
				95BD71CE1CFE8FC30001ED50 /* MSUtil.m in Sources */,
				95BD71FD1CFEBAEE0001ED50 /* UIImage+Utilities.m in Sources */,
				95BD71BF1CFE87710001ED50 /* MSMyPageControl.m in Sources */,
				953317231CF5C70D00890E4F /* AppDelegate.m in Sources */,
				954EDD6B1CFC3A48009B1038 /* TestViewController.m in Sources */,
				95BD72121CFED16D0001ED50 /* MSRequest.m in Sources */,
				954EDD621CFC2DAC009B1038 /* UIViewController+Tracking.m in Sources */,
				95BD71BE1CFE87710001ED50 /* MSGuideView.m in Sources */,
				954EDD4F1CFC20E5009B1038 /* UIColor+MS.m in Sources */,
				95BD71FA1CFEBAEE0001ED50 /* UIImage+Screenshot.m in Sources */,
				95BD71F71CFEBAEE0001ED50 /* UIImage+ImageEffects.m in Sources */,
				95BD720E1CFECC840001ED50 /* MSFirstViewController.m in Sources */,
				95BD71CB1CFE8A6B0001ED50 /* MSNavigationBar.m in Sources */,
				95BD71DD1CFEBA7C0001ED50 /* UIViewController+Popup.m in Sources */,
				95BD71C21CFE87F80001ED50 /* MSHelper+Navigation.m in Sources */,
				95BD72091CFEBBD50001ED50 /* UIButton+Timer.m in Sources */,
				95BD71C51CFE88100001ED50 /* MSHelper+UIBarButtonItem.m in Sources */,
				95BD71D51CFEB12B0001ED50 /* MSHotUpdateManager.m in Sources */,
				954EDD4B1CFC1FE5009B1038 /* MSNavigationController.m in Sources */,
				95BD72071CFEBBD50001ED50 /* UIActionSheet+Block.m in Sources */,
				95DB48A21D17C5A900F03324 /* MSHttpConfig.m in Sources */,
				95BD71F81CFEBAEE0001ED50 /* UIImage+ImageWithColor.m in Sources */,
				95BD71B81CFE85D60001ED50 /* MSHelper.m in Sources */,
				95BD71F51CFEBAEE0001ED50 /* UIImage+BoxBlur.m in Sources */,
				95BD71C81CFE89050001ED50 /* MSTabBarController.m in Sources */,
				954EDD441CFC135E009B1038 /* MSLaunchHelper.m in Sources */,
				95BD72081CFEBBD50001ED50 /* UIAlertView+Block.m in Sources */,
				953317201CF5C70D00890E4F /* main.m in Sources */,
				95BD71F91CFEBAEE0001ED50 /* UIImage+Resize.m in Sources */,
			);
			runOnlyForDeploymentPostprocessing = 0;
		};
/* End PBXSourcesBuildPhase section */

/* Begin PBXVariantGroup section */
		953317271CF5C70D00890E4F /* Main.storyboard */ = {
			isa = PBXVariantGroup;
			children = (
				953317281CF5C70D00890E4F /* Base */,
			);
			name = Main.storyboard;
			sourceTree = "<group>";
		};
		9533172C1CF5C70D00890E4F /* LaunchScreen.storyboard */ = {
			isa = PBXVariantGroup;
			children = (
				9533172D1CF5C70D00890E4F /* Base */,
			);
			name = LaunchScreen.storyboard;
			sourceTree = "<group>";
		};
/* End PBXVariantGroup section */

/* Begin XCBuildConfiguration section */
		953317301CF5C70D00890E4F /* Debug */ = {
			isa = XCBuildConfiguration;
			buildSettings = {
				ALWAYS_SEARCH_USER_PATHS = NO;
				CLANG_ANALYZER_NONNULL = YES;
				CLANG_CXX_LANGUAGE_STANDARD = "gnu++0x";
				CLANG_CXX_LIBRARY = "libc++";
				CLANG_ENABLE_MODULES = YES;
				CLANG_ENABLE_OBJC_ARC = YES;
				CLANG_WARN_BOOL_CONVERSION = YES;
				CLANG_WARN_CONSTANT_CONVERSION = YES;
				CLANG_WARN_DIRECT_OBJC_ISA_USAGE = YES_ERROR;
				CLANG_WARN_EMPTY_BODY = YES;
				CLANG_WARN_ENUM_CONVERSION = YES;
				CLANG_WARN_INT_CONVERSION = YES;
				CLANG_WARN_OBJC_ROOT_CLASS = YES_ERROR;
				CLANG_WARN_UNREACHABLE_CODE = YES;
				CLANG_WARN__DUPLICATE_METHOD_MATCH = YES;
				"CODE_SIGN_IDENTITY[sdk=iphoneos*]" = "iPhone Developer";
				COPY_PHASE_STRIP = NO;
				DEBUG_INFORMATION_FORMAT = dwarf;
				ENABLE_STRICT_OBJC_MSGSEND = YES;
				ENABLE_TESTABILITY = YES;
				GCC_C_LANGUAGE_STANDARD = gnu99;
				GCC_DYNAMIC_NO_PIC = NO;
				GCC_NO_COMMON_BLOCKS = YES;
				GCC_OPTIMIZATION_LEVEL = 0;
				GCC_PREPROCESSOR_DEFINITIONS = (
					"DEBUG=1",
					"$(inherited)",
				);
				GCC_WARN_64_TO_32_BIT_CONVERSION = YES;
				GCC_WARN_ABOUT_RETURN_TYPE = YES_ERROR;
				GCC_WARN_UNDECLARED_SELECTOR = YES;
				GCC_WARN_UNINITIALIZED_AUTOS = YES_AGGRESSIVE;
				GCC_WARN_UNUSED_FUNCTION = YES;
				GCC_WARN_UNUSED_VARIABLE = YES;
				IPHONEOS_DEPLOYMENT_TARGET = 9.3;
				MTL_ENABLE_DEBUG_INFO = YES;
				ONLY_ACTIVE_ARCH = YES;
				SDKROOT = iphoneos;
				TARGETED_DEVICE_FAMILY = "1,2";
			};
			name = Debug;
		};
		953317311CF5C70D00890E4F /* Release */ = {
			isa = XCBuildConfiguration;
			buildSettings = {
				ALWAYS_SEARCH_USER_PATHS = NO;
				CLANG_ANALYZER_NONNULL = YES;
				CLANG_CXX_LANGUAGE_STANDARD = "gnu++0x";
				CLANG_CXX_LIBRARY = "libc++";
				CLANG_ENABLE_MODULES = YES;
				CLANG_ENABLE_OBJC_ARC = YES;
				CLANG_WARN_BOOL_CONVERSION = YES;
				CLANG_WARN_CONSTANT_CONVERSION = YES;
				CLANG_WARN_DIRECT_OBJC_ISA_USAGE = YES_ERROR;
				CLANG_WARN_EMPTY_BODY = YES;
				CLANG_WARN_ENUM_CONVERSION = YES;
				CLANG_WARN_INT_CONVERSION = YES;
				CLANG_WARN_OBJC_ROOT_CLASS = YES_ERROR;
				CLANG_WARN_UNREACHABLE_CODE = YES;
				CLANG_WARN__DUPLICATE_METHOD_MATCH = YES;
				"CODE_SIGN_IDENTITY[sdk=iphoneos*]" = "iPhone Developer";
				COPY_PHASE_STRIP = NO;
				DEBUG_INFORMATION_FORMAT = "dwarf-with-dsym";
				ENABLE_NS_ASSERTIONS = NO;
				ENABLE_STRICT_OBJC_MSGSEND = YES;
				GCC_C_LANGUAGE_STANDARD = gnu99;
				GCC_NO_COMMON_BLOCKS = YES;
				GCC_WARN_64_TO_32_BIT_CONVERSION = YES;
				GCC_WARN_ABOUT_RETURN_TYPE = YES_ERROR;
				GCC_WARN_UNDECLARED_SELECTOR = YES;
				GCC_WARN_UNINITIALIZED_AUTOS = YES_AGGRESSIVE;
				GCC_WARN_UNUSED_FUNCTION = YES;
				GCC_WARN_UNUSED_VARIABLE = YES;
				IPHONEOS_DEPLOYMENT_TARGET = 9.3;
				MTL_ENABLE_DEBUG_INFO = NO;
				SDKROOT = iphoneos;
				TARGETED_DEVICE_FAMILY = "1,2";
				VALIDATE_PRODUCT = YES;
			};
			name = Release;
		};
		953317331CF5C70D00890E4F /* Debug */ = {
			isa = XCBuildConfiguration;
			baseConfigurationReference = 6B8647F169AC0B37B6A2C6AD /* Pods.debug.xcconfig */;
			buildSettings = {
				ASSETCATALOG_COMPILER_APPICON_NAME = AppIcon;
				CODE_SIGN_IDENTITY = "iPhone Developer";
				ENABLE_BITCODE = NO;
				FRAMEWORK_SEARCH_PATHS = (
					"$(inherited)",
					"$(PROJECT_DIR)/MSBase/framework/**",
					"$(PROJECT_DIR)/MSBase/framework",
					"$(PROJECT_DIR)/MSBase/Framework",
				);
				GCC_PRECOMPILE_PREFIX_HEADER = YES;
				GCC_PREFIX_HEADER = "$(SRCROOT)/MSBase/MSPrefixHeader.pch";
				HEADER_SEARCH_PATHS = (
					"$(inherited)",
					"\"${PODS_ROOT}/Headers/Public\"",
					"\"${PODS_ROOT}/Headers/Public/AFDownloadRequestOperation\"",
					"\"${PODS_ROOT}/Headers/Public/AFNetworking\"",
					"\"${PODS_ROOT}/Headers/Public/CocoaLumberjack\"",
					"\"${PODS_ROOT}/Headers/Public/DZNEmptyDataSet\"",
					"\"${PODS_ROOT}/Headers/Public/JPush\"",
					"\"${PODS_ROOT}/Headers/Public/JSPatch\"",
					"\"${PODS_ROOT}/Headers/Public/MJExtension\"",
					"\"${PODS_ROOT}/Headers/Public/MJRefresh\"",
					"\"${PODS_ROOT}/Headers/Public/Masonry\"",
					"\"${PODS_ROOT}/Headers/Public/SDCycleScrollView\"",
					"\"${PODS_ROOT}/Headers/Public/SDWebImage\"",
					"\"${PODS_ROOT}/Headers/Public/SDiPhoneVersion\"",
					"\"${PODS_ROOT}/Headers/Public/UICKeyChainStore\"",
					"\"${PODS_ROOT}/Headers/Public/UIViewController-KeyboardAdditions\"",
					"\"${PODS_ROOT}/Headers/Public/UMengAnalytics-NO-IDFA\"",
					"\"${PODS_ROOT}/Headers/Public/XTSafeCollection\"",
					"\"${PODS_ROOT}/Headers/Public/YTKNetwork\"",
					"\"${PODS_ROOT}/Headers/Public/pop\"",
					"$(PROJECT_DIR)/MSBase/framework/MSFoundation.framework/Headers",
				);
				INFOPLIST_FILE = MSBase/Info.plist;
				IPHONEOS_DEPLOYMENT_TARGET = 8.0;
				LD_RUNPATH_SEARCH_PATHS = "$(inherited) @executable_path/Frameworks";
				PRODUCT_BUNDLE_IDENTIFIER = com.msinfo.sz;
				PRODUCT_NAME = "$(TARGET_NAME)";
				TARGETED_DEVICE_FAMILY = 1;
				USER_HEADER_SEARCH_PATHS = "\"${PROJECT_DIR}/Pods\"";
			};
			name = Debug;
		};
		953317341CF5C70D00890E4F /* Release */ = {
			isa = XCBuildConfiguration;
			baseConfigurationReference = 89068A1DE50ED0F9CAAC5DEE /* Pods.release.xcconfig */;
			buildSettings = {
				ASSETCATALOG_COMPILER_APPICON_NAME = AppIcon;
				CODE_SIGN_IDENTITY = "iPhone Developer";
				ENABLE_BITCODE = NO;
				FRAMEWORK_SEARCH_PATHS = (
					"$(inherited)",
					"$(PROJECT_DIR)/MSBase/framework/**",
					"$(PROJECT_DIR)/MSBase/framework",
					"$(PROJECT_DIR)/MSBase/Framework",
				);
				GCC_PRECOMPILE_PREFIX_HEADER = YES;
				GCC_PREFIX_HEADER = "$(SRCROOT)/MSBase/MSPrefixHeader.pch";
				HEADER_SEARCH_PATHS = (
					"$(inherited)",
					"\"${PODS_ROOT}/Headers/Public\"",
					"\"${PODS_ROOT}/Headers/Public/AFDownloadRequestOperation\"",
					"\"${PODS_ROOT}/Headers/Public/AFNetworking\"",
					"\"${PODS_ROOT}/Headers/Public/CocoaLumberjack\"",
					"\"${PODS_ROOT}/Headers/Public/DZNEmptyDataSet\"",
					"\"${PODS_ROOT}/Headers/Public/JPush\"",
					"\"${PODS_ROOT}/Headers/Public/JSPatch\"",
					"\"${PODS_ROOT}/Headers/Public/MJExtension\"",
					"\"${PODS_ROOT}/Headers/Public/MJRefresh\"",
					"\"${PODS_ROOT}/Headers/Public/Masonry\"",
					"\"${PODS_ROOT}/Headers/Public/SDCycleScrollView\"",
					"\"${PODS_ROOT}/Headers/Public/SDWebImage\"",
					"\"${PODS_ROOT}/Headers/Public/SDiPhoneVersion\"",
					"\"${PODS_ROOT}/Headers/Public/UICKeyChainStore\"",
					"\"${PODS_ROOT}/Headers/Public/UIViewController-KeyboardAdditions\"",
					"\"${PODS_ROOT}/Headers/Public/UMengAnalytics-NO-IDFA\"",
					"\"${PODS_ROOT}/Headers/Public/XTSafeCollection\"",
					"\"${PODS_ROOT}/Headers/Public/YTKNetwork\"",
					"\"${PODS_ROOT}/Headers/Public/pop\"",
					"$(PROJECT_DIR)/MSBase/framework/MSFoundation.framework/Headers",
				);
				INFOPLIST_FILE = MSBase/Info.plist;
				IPHONEOS_DEPLOYMENT_TARGET = 8.0;
				LD_RUNPATH_SEARCH_PATHS = "$(inherited) @executable_path/Frameworks";
				PRODUCT_BUNDLE_IDENTIFIER = com.msinfo.sz;
				PRODUCT_NAME = "$(TARGET_NAME)";
				TARGETED_DEVICE_FAMILY = 1;
				USER_HEADER_SEARCH_PATHS = "\"${PROJECT_DIR}/Pods\"";
			};
			name = Release;
		};
/* End XCBuildConfiguration section */

/* Begin XCConfigurationList section */
		953317161CF5C70D00890E4F /* Build configuration list for PBXProject "MSBase" */ = {
			isa = XCConfigurationList;
			buildConfigurations = (
				953317301CF5C70D00890E4F /* Debug */,
				953317311CF5C70D00890E4F /* Release */,
			);
			defaultConfigurationIsVisible = 0;
			defaultConfigurationName = Release;
		};
		953317321CF5C70D00890E4F /* Build configuration list for PBXNativeTarget "MSBase" */ = {
			isa = XCConfigurationList;
			buildConfigurations = (
				953317331CF5C70D00890E4F /* Debug */,
				953317341CF5C70D00890E4F /* Release */,
			);
			defaultConfigurationIsVisible = 0;
			defaultConfigurationName = Release;
		};
/* End XCConfigurationList section */
	};
	rootObject = 953317131CF5C70D00890E4F /* Project object */;
}
